
Microsoft Visual Studio Solution File, Format Version 12.00
# Visual Studio Version 17
VisualStudioVersion = 17.5.33502.453
MinimumVisualStudioVersion = 10.0.40219.1
Project("{FAE04EC0-301F-11D3-BF4B-00C04F79EFBC}") = "Lab1_DesktopAppDev", "Lab1_DesktopAppDev.csproj", "{C1A9BF25-9A3D-455D-8303-9AB45D124D12}"
EndProject
Project("{9A19103F-16F7-4668-BE54-9A1E7A4F7556}") = "TestProjectLab", "TestProjectLab\TestProjectLab.csproj", "{B791A49D-BF67-4419-80C7-BA51E54B1BF1}"
EndProject
Global
	GlobalSection(SolutionConfigurationPlatforms) = preSolution
		Debug|Any CPU = Debug|Any CPU
		Release|Any CPU = Release|Any CPU
	EndGlobalSection
	GlobalSection(ProjectConfigurationPlatforms) = postSolution
		{C1A9BF25-9A3D-455D-8303-9AB45D124D12}.Debug|Any CPU.ActiveCfg = Debug|Any CPU
		{C1A9BF25-9A3D-455D-8303-9AB45D124D12}.Debug|Any CPU.Build.0 = Debug|Any CPU
		{C1A9BF25-9A3D-455D-8303-9AB45D124D12}.Release|Any CPU.ActiveCfg = Release|Any CPU
		{C1A9BF25-9A3D-455D-8303-9AB45D124D12}.Release|Any CPU.Build.0 = Release|Any CPU
		{B791A49D-BF67-4419-80C7-BA51E54B1BF1}.Debug|Any CPU.ActiveCfg = Debug|Any CPU
		{B791A49D-BF67-4419-80C7-BA51E54B1BF1}.Debug|Any CPU.Build.0 = Debug|Any CPU
		{B791A49D-BF67-4419-80C7-BA51E54B1BF1}.Release|Any CPU.ActiveCfg = Release|Any CPU
		{B791A49D-BF67-4419-80C7-BA51E54B1BF1}.Release|Any CPU.Build.0 = Release|Any CPU
	EndGlobalSection
	GlobalSection(SolutionProperties) = preSolution
		HideSolutionNode = FALSE
	EndGlobalSection
	GlobalSection(ExtensibilityGlobals) = postSolution
		SolutionGuid = {BE03E014-5F9F-4F64-BEB6-089868410283}
	EndGlobalSection
EndGlobal
