
Microsoft Visual Studio Solution File, Format Version 12.00
# Visual Studio Version 17
VisualStudioVersion = 17.5.33502.453
MinimumVisualStudioVersion = 10.0.40219.1
Project("{9A19103F-16F7-4668-BE54-9A1E7A4F7556}") = "Lab_Desktop", "Lab_Desktop.csproj", "{4392A8C1-D1D3-4AF1-A4A2-F8F5C29399C9}"
EndProject
Project("{9A19103F-16F7-4668-BE54-9A1E7A4F7556}") = "Lab1_NUnitTesting", "..\Lab_NUnitTest_Desktop\Lab1_NUnitTesting\Lab1_NUnitTesting.csproj", "{CE7893DF-C807-45B9-8228-094EDF97DDE0}"
EndProject
Project("{FAE04EC0-301F-11D3-BF4B-00C04F79EFBC}") = "TestProject2", "..\TestProject2\TestProject2.csproj", "{81626E10-64CD-465E-B44D-9211889B7E87}"
EndProject
Global
	GlobalSection(SolutionConfigurationPlatforms) = preSolution
		Debug|Any CPU = Debug|Any CPU
		Release|Any CPU = Release|Any CPU
	EndGlobalSection
	GlobalSection(ProjectConfigurationPlatforms) = postSolution
		{4392A8C1-D1D3-4AF1-A4A2-F8F5C29399C9}.Debug|Any CPU.ActiveCfg = Debug|Any CPU
		{4392A8C1-D1D3-4AF1-A4A2-F8F5C29399C9}.Debug|Any CPU.Build.0 = Debug|Any CPU
		{4392A8C1-D1D3-4AF1-A4A2-F8F5C29399C9}.Release|Any CPU.ActiveCfg = Release|Any CPU
		{4392A8C1-D1D3-4AF1-A4A2-F8F5C29399C9}.Release|Any CPU.Build.0 = Release|Any CPU
		{CE7893DF-C807-45B9-8228-094EDF97DDE0}.Debug|Any CPU.ActiveCfg = Debug|Any CPU
		{CE7893DF-C807-45B9-8228-094EDF97DDE0}.Debug|Any CPU.Build.0 = Debug|Any CPU
		{CE7893DF-C807-45B9-8228-094EDF97DDE0}.Release|Any CPU.ActiveCfg = Release|Any CPU
		{CE7893DF-C807-45B9-8228-094EDF97DDE0}.Release|Any CPU.Build.0 = Release|Any CPU
		{81626E10-64CD-465E-B44D-9211889B7E87}.Debug|Any CPU.ActiveCfg = Debug|Any CPU
		{81626E10-64CD-465E-B44D-9211889B7E87}.Debug|Any CPU.Build.0 = Debug|Any CPU
		{81626E10-64CD-465E-B44D-9211889B7E87}.Release|Any CPU.ActiveCfg = Release|Any CPU
		{81626E10-64CD-465E-B44D-9211889B7E87}.Release|Any CPU.Build.0 = Release|Any CPU
	EndGlobalSection
	GlobalSection(SolutionProperties) = preSolution
		HideSolutionNode = FALSE
	EndGlobalSection
	GlobalSection(ExtensibilityGlobals) = postSolution
		SolutionGuid = {5061B1A2-5F51-4E0C-A012-1608137226DA}
	EndGlobalSection
EndGlobal
